
Microsoft Visual Studio Solution File, Format Version 12.00
# Visual Studio Version 17
VisualStudioVersion = 17.14.36127.28 d17.14
MinimumVisualStudioVersion = 10.0.40219.1
Project("{FAE04EC0-301F-11D3-BF4B-00C04F79EFBC}") = "mongorest", "mongorest.csproj", "{759E1434-AA36-401A-95A3-DB6BC9A6CA91}"
EndProject
Global
	GlobalSection(SolutionConfigurationPlatforms) = preSolution
		Debug|Any CPU = Debug|Any CPU
		Release|Any CPU = Release|Any CPU
	EndGlobalSection
	GlobalSection(ProjectConfigurationPlatforms) = postSolution
		{759E1434-AA36-401A-95A3-DB6BC9A6CA91}.Debug|Any CPU.ActiveCfg = Debug|Any CPU
		{759E1434-AA36-401A-95A3-DB6BC9A6CA91}.Debug|Any CPU.Build.0 = Debug|Any CPU
		{759E1434-AA36-401A-95A3-DB6BC9A6CA91}.Release|Any CPU.ActiveCfg = Release|Any CPU
		{759E1434-AA36-401A-95A3-DB6BC9A6CA91}.Release|Any CPU.Build.0 = Release|Any CPU
	EndGlobalSection
	GlobalSection(SolutionProperties) = preSolution
		HideSolutionNode = FALSE
	EndGlobalSection
	GlobalSection(ExtensibilityGlobals) = postSolution
		SolutionGuid = {96C8D98F-DED4-4554-9F1E-4F713236BF01}
	EndGlobalSection
EndGlobal
