Microsoft Visual Studio Solution File, Format Version 12.00
# Visual Studio Version 17
VisualStudioVersion = 17.13.35818.85
MinimumVisualStudioVersion = 10.0.40219.1
Project("{FAE04EC0-301F-11D3-BF4B-00C04F79EFBC}") = "BackendTaller1", "BackendTaller1.csproj", "{ABB71F91-E7C9-4232-9284-43A93DF578A9}"
EndProject
Global
	GlobalSection(SolutionConfigurationPlatforms) = preSolution
		Debug|Any CPU = Debug|Any CPU
		Release|Any CPU = Release|Any CPU
	EndGlobalSection
	GlobalSection(ProjectConfigurationPlatforms) = postSolution
		{ABB71F91-E7C9-4232-9284-43A93DF578A9}.Debug|Any CPU.ActiveCfg = Debug|Any CPU
		{ABB71F91-E7C9-4232-9284-43A93DF578A9}.Debug|Any CPU.Build.0 = Debug|Any CPU
		{ABB71F91-E7C9-4232-9284-43A93DF578A9}.Release|Any CPU.ActiveCfg = Release|Any CPU
		{ABB71F91-E7C9-4232-9284-43A93DF578A9}.Release|Any CPU.Build.0 = Release|Any CPU
	EndGlobalSection
	GlobalSection(SolutionProperties) = preSolution
		HideSolutionNode = FALSE
	EndGlobalSection
	GlobalSection(ExtensibilityGlobals) = postSolution
		SolutionGuid = {BAE4E421-609C-4041-85BD-B77EB428006B}
	EndGlobalSection
EndGlobal
